// !$*UTF8*$!
{
	archiveVersion = 1;
	classes = {
	};
	objectVersion = 46;
	objects = {

/* Begin PBXBuildFile section */
		150DA37C19943E6900BDB2E1 /* AppDelegate.swift in Sources */ = {isa = PBXBuildFile; fileRef = 150DA37B19943E6900BDB2E1 /* AppDelegate.swift */; };
		150DA37E19943E6900BDB2E1 /* ViewController.swift in Sources */ = {isa = PBXBuildFile; fileRef = 150DA37D19943E6900BDB2E1 /* ViewController.swift */; };
		150DA38119943E6900BDB2E1 /* Main.storyboard in Resources */ = {isa = PBXBuildFile; fileRef = 150DA37F19943E6900BDB2E1 /* Main.storyboard */; };
		150DA38319943E6900BDB2E1 /* Images.xcassets in Resources */ = {isa = PBXBuildFile; fileRef = 150DA38219943E6900BDB2E1 /* Images.xcassets */; };
		150DA38F19943E6900BDB2E1 /* classRosterTests.swift in Sources */ = {isa = PBXBuildFile; fileRef = 150DA38E19943E6900BDB2E1 /* classRosterTests.swift */; };
		150DA39919943ED600BDB2E1 /* Person.swift in Sources */ = {isa = PBXBuildFile; fileRef = 150DA39819943ED600BDB2E1 /* Person.swift */; };
		150DA39B1994400700BDB2E1 /* README in Resources */ = {isa = PBXBuildFile; fileRef = 150DA39A1994400700BDB2E1 /* README */; };
		150DA39D1996BAD700BDB2E1 /* ClassList.plist in Resources */ = {isa = PBXBuildFile; fileRef = 150DA39C1996BAD700BDB2E1 /* ClassList.plist */; };
/* End PBXBuildFile section */

/* Begin PBXContainerItemProxy section */
		150DA38919943E6900BDB2E1 /* PBXContainerItemProxy */ = {
			isa = PBXContainerItemProxy;
			containerPortal = 150DA36E19943E6900BDB2E1 /* Project object */;
			proxyType = 1;
			remoteGlobalIDString = 150DA37519943E6900BDB2E1;
			remoteInfo = classRoster;
		};
/* End PBXContainerItemProxy section */

/* Begin PBXFileReference section */
		150DA37619943E6900BDB2E1 /* classRoster.app */ = {isa = PBXFileReference; explicitFileType = wrapper.application; includeInIndex = 0; path = classRoster.app; sourceTree = BUILT_PRODUCTS_DIR; };
		150DA37A19943E6900BDB2E1 /* Info.plist */ = {isa = PBXFileReference; lastKnownFileType = text.plist.xml; path = Info.plist; sourceTree = "<group>"; };
		150DA37B19943E6900BDB2E1 /* AppDelegate.swift */ = {isa = PBXFileReference; lastKnownFileType = sourcecode.swift; path = AppDelegate.swift; sourceTree = "<group>"; };
		150DA37D19943E6900BDB2E1 /* ViewController.swift */ = {isa = PBXFileReference; lastKnownFileType = sourcecode.swift; path = ViewController.swift; sourceTree = "<group>"; };
		150DA38019943E6900BDB2E1 /* Base */ = {isa = PBXFileReference; lastKnownFileType = file.storyboard; name = Base; path = Base.lproj/Main.storyboard; sourceTree = "<group>"; };
		150DA38219943E6900BDB2E1 /* Images.xcassets */ = {isa = PBXFileReference; lastKnownFileType = folder.assetcatalog; path = Images.xcassets; sourceTree = "<group>"; };
		150DA38819943E6900BDB2E1 /* classRosterTests.xctest */ = {isa = PBXFileReference; explicitFileType = wrapper.cfbundle; includeInIndex = 0; path = classRosterTests.xctest; sourceTree = BUILT_PRODUCTS_DIR; };
		150DA38D19943E6900BDB2E1 /* Info.plist */ = {isa = PBXFileReference; lastKnownFileType = text.plist.xml; path = Info.plist; sourceTree = "<group>"; };
		150DA38E19943E6900BDB2E1 /* classRosterTests.swift */ = {isa = PBXFileReference; lastKnownFileType = sourcecode.swift; path = classRosterTests.swift; sourceTree = "<group>"; };
		150DA39819943ED600BDB2E1 /* Person.swift */ = {isa = PBXFileReference; fileEncoding = 4; lastKnownFileType = sourcecode.swift; path = Person.swift; sourceTree = "<group>"; };
		150DA39A1994400700BDB2E1 /* README */ = {isa = PBXFileReference; fileEncoding = 4; lastKnownFileType = text; path = README; sourceTree = "<group>"; };
		150DA39C1996BAD700BDB2E1 /* ClassList.plist */ = {isa = PBXFileReference; fileEncoding = 4; lastKnownFileType = text.plist.xml; path = ClassList.plist; sourceTree = "<group>"; };
/* End PBXFileReference section */

/* Begin PBXFrameworksBuildPhase section */
		150DA37319943E6900BDB2E1 /* Frameworks */ = {
			isa = PBXFrameworksBuildPhase;
			buildActionMask = 2147483647;
			files = (
			);
			runOnlyForDeploymentPostprocessing = 0;
		};
		150DA38519943E6900BDB2E1 /* Frameworks */ = {
			isa = PBXFrameworksBuildPhase;
			buildActionMask = 2147483647;
			files = (
			);
			runOnlyForDeploymentPostprocessing = 0;
		};
/* End PBXFrameworksBuildPhase section */

/* Begin PBXGroup section */
		150DA36D19943E6900BDB2E1 = {
			isa = PBXGroup;
			children = (
				150DA39A1994400700BDB2E1 /* README */,
				150DA37819943E6900BDB2E1 /* classRoster */,
				150DA38B19943E6900BDB2E1 /* classRosterTests */,
				150DA37719943E6900BDB2E1 /* Products */,
			);
			sourceTree = "<group>";
		};
		150DA37719943E6900BDB2E1 /* Products */ = {
			isa = PBXGroup;
			children = (
				150DA37619943E6900BDB2E1 /* classRoster.app */,
				150DA38819943E6900BDB2E1 /* classRosterTests.xctest */,
			);
			name = Products;
			sourceTree = "<group>";
		};
		150DA37819943E6900BDB2E1 /* classRoster */ = {
			isa = PBXGroup;
			children = (
				150DA37B19943E6900BDB2E1 /* AppDelegate.swift */,
				150DA37D19943E6900BDB2E1 /* ViewController.swift */,
				150DA39819943ED600BDB2E1 /* Person.swift */,
				150DA37F19943E6900BDB2E1 /* Main.storyboard */,
				150DA38219943E6900BDB2E1 /* Images.xcassets */,
				150DA37919943E6900BDB2E1 /* Supporting Files */,
				150DA39C1996BAD700BDB2E1 /* ClassList.plist */,
			);
			path = classRoster;
			sourceTree = "<group>";
		};
		150DA37919943E6900BDB2E1 /* Supporting Files */ = {
			isa = PBXGroup;
			children = (
				150DA37A19943E6900BDB2E1 /* Info.plist */,
			);
			name = "Supporting Files";
			sourceTree = "<group>";
		};
		150DA38B19943E6900BDB2E1 /* classRosterTests */ = {
			isa = PBXGroup;
			children = (
				150DA38E19943E6900BDB2E1 /* classRosterTests.swift */,
				150DA38C19943E6900BDB2E1 /* Supporting Files */,
			);
			path = classRosterTests;
			sourceTree = "<group>";
		};
		150DA38C19943E6900BDB2E1 /* Supporting Files */ = {
			isa = PBXGroup;
			children = (
				150DA38D19943E6900BDB2E1 /* Info.plist */,
			);
			name = "Supporting Files";
			sourceTree = "<group>";
		};
/* End PBXGroup section */

/* Begin PBXNativeTarget section */
		150DA37519943E6900BDB2E1 /* classRoster */ = {
			isa = PBXNativeTarget;
			buildConfigurationList = 150DA39219943E6900BDB2E1 /* Build configuration list for PBXNativeTarget "classRoster" */;
			buildPhases = (
				150DA37219943E6900BDB2E1 /* Sources */,
				150DA37319943E6900BDB2E1 /* Frameworks */,
				150DA37419943E6900BDB2E1 /* Resources */,
			);
			buildRules = (
			);
			dependencies = (
			);
			name = classRoster;
			productName = classRoster;
			productReference = 150DA37619943E6900BDB2E1 /* classRoster.app */;
			productType = "com.apple.product-type.application";
		};
		150DA38719943E6900BDB2E1 /* classRosterTests */ = {
			isa = PBXNativeTarget;
			buildConfigurationList = 150DA39519943E6900BDB2E1 /* Build configuration list for PBXNativeTarget "classRosterTests" */;
			buildPhases = (
				150DA38419943E6900BDB2E1 /* Sources */,
				150DA38519943E6900BDB2E1 /* Frameworks */,
				150DA38619943E6900BDB2E1 /* Resources */,
			);
			buildRules = (
			);
			dependencies = (
				150DA38A19943E6900BDB2E1 /* PBXTargetDependency */,
			);
			name = classRosterTests;
			productName = classRosterTests;
			productReference = 150DA38819943E6900BDB2E1 /* classRosterTests.xctest */;
			productType = "com.apple.product-type.bundle.unit-test";
		};
/* End PBXNativeTarget section */

/* Begin PBXProject section */
		150DA36E19943E6900BDB2E1 /* Project object */ = {
			isa = PBXProject;
			attributes = {
				LastUpgradeCheck = 0600;
				ORGANIZATIONNAME = "Will Richman";
				TargetAttributes = {
					150DA37519943E6900BDB2E1 = {
						CreatedOnToolsVersion = 6.0;
					};
					150DA38719943E6900BDB2E1 = {
						CreatedOnToolsVersion = 6.0;
						TestTargetID = 150DA37519943E6900BDB2E1;
					};
				};
			};
			buildConfigurationList = 150DA37119943E6900BDB2E1 /* Build configuration list for PBXProject "classRoster" */;
			compatibilityVersion = "Xcode 3.2";
			developmentRegion = English;
			hasScannedForEncodings = 0;
			knownRegions = (
				en,
				Base,
			);
			mainGroup = 150DA36D19943E6900BDB2E1;
			productRefGroup = 150DA37719943E6900BDB2E1 /* Products */;
			projectDirPath = "";
			projectRoot = "";
			targets = (
				150DA37519943E6900BDB2E1 /* classRoster */,
				150DA38719943E6900BDB2E1 /* classRosterTests */,
			);
		};
/* End PBXProject section */

/* Begin PBXResourcesBuildPhase section */
		150DA37419943E6900BDB2E1 /* Resources */ = {
			isa = PBXResourcesBuildPhase;
			buildActionMask = 2147483647;
			files = (
				150DA39B1994400700BDB2E1 /* README in Resources */,
				150DA38119943E6900BDB2E1 /* Main.storyboard in Resources */,
				150DA38319943E6900BDB2E1 /* Images.xcassets in Resources */,
				150DA39D1996BAD700BDB2E1 /* ClassList.plist in Resources */,
			);
			runOnlyForDeploymentPostprocessing = 0;
		};
		150DA38619943E6900BDB2E1 /* Resources */ = {
			isa = PBXResourcesBuildPhase;
			buildActionMask = 2147483647;
			files = (
			);
			runOnlyForDeploymentPostprocessing = 0;
		};
/* End PBXResourcesBuildPhase section */

/* Begin PBXSourcesBuildPhase section */
		150DA37219943E6900BDB2E1 /* Sources */ = {
			isa = PBXSourcesBuildPhase;
			buildActionMask = 2147483647;
			files = (
				150DA39919943ED600BDB2E1 /* Person.swift in Sources */,
				150DA37E19943E6900BDB2E1 /* ViewController.swift in Sources */,
				150DA37C19943E6900BDB2E1 /* AppDelegate.swift in Sources */,
			);
			runOnlyForDeploymentPostprocessing = 0;
		};
		150DA38419943E6900BDB2E1 /* Sources */ = {
			isa = PBXSourcesBuildPhase;
			buildActionMask = 2147483647;
			files = (
				150DA38F19943E6900BDB2E1 /* classRosterTests.swift in Sources */,
			);
			runOnlyForDeploymentPostprocessing = 0;
		};
/* End PBXSourcesBuildPhase section */

/* Begin PBXTargetDependency section */
		150DA38A19943E6900BDB2E1 /* PBXTargetDependency */ = {
			isa = PBXTargetDependency;
			target = 150DA37519943E6900BDB2E1 /* classRoster */;
			targetProxy = 150DA38919943E6900BDB2E1 /* PBXContainerItemProxy */;
		};
/* End PBXTargetDependency section */

/* Begin PBXVariantGroup section */
		150DA37F19943E6900BDB2E1 /* Main.storyboard */ = {
			isa = PBXVariantGroup;
			children = (
				150DA38019943E6900BDB2E1 /* Base */,
			);
			name = Main.storyboard;
			sourceTree = "<group>";
		};
/* End PBXVariantGroup section */

/* Begin XCBuildConfiguration section */
		150DA39019943E6900BDB2E1 /* Debug */ = {
			isa = XCBuildConfiguration;
			buildSettings = {
				ALWAYS_SEARCH_USER_PATHS = NO;
				CLANG_CXX_LANGUAGE_STANDARD = "gnu++0x";
				CLANG_CXX_LIBRARY = "libc++";
				CLANG_ENABLE_MODULES = YES;
				CLANG_ENABLE_OBJC_ARC = YES;
				CLANG_WARN_BOOL_CONVERSION = YES;
				CLANG_WARN_CONSTANT_CONVERSION = YES;
				CLANG_WARN_DIRECT_OBJC_ISA_USAGE = YES_ERROR;
				CLANG_WARN_EMPTY_BODY = YES;
				CLANG_WARN_ENUM_CONVERSION = YES;
				CLANG_WARN_INT_CONVERSION = YES;
				CLANG_WARN_OBJC_ROOT_CLASS = YES_ERROR;
				CLANG_WARN_UNREACHABLE_CODE = YES;
				CLANG_WARN__DUPLICATE_METHOD_MATCH = YES;
				"CODE_SIGN_IDENTITY[sdk=iphoneos*]" = "iPhone Developer";
				COPY_PHASE_STRIP = NO;
				ENABLE_STRICT_OBJC_MSGSEND = YES;
				GCC_C_LANGUAGE_STANDARD = gnu99;
				GCC_DYNAMIC_NO_PIC = NO;
				GCC_OPTIMIZATION_LEVEL = 0;
				GCC_PREPROCESSOR_DEFINITIONS = (
					"DEBUG=1",
					"$(inherited)",
				);
				GCC_SYMBOLS_PRIVATE_EXTERN = NO;
				GCC_WARN_64_TO_32_BIT_CONVERSION = YES;
				GCC_WARN_ABOUT_RETURN_TYPE = YES_ERROR;
				GCC_WARN_UNDECLARED_SELECTOR = YES;
				GCC_WARN_UNINITIALIZED_AUTOS = YES_AGGRESSIVE;
				GCC_WARN_UNUSED_FUNCTION = YES;
				GCC_WARN_UNUSED_VARIABLE = YES;
				IPHONEOS_DEPLOYMENT_TARGET = 8.0;
				MTL_ENABLE_DEBUG_INFO = YES;
				ONLY_ACTIVE_ARCH = YES;
				SDKROOT = iphoneos;
				SWIFT_OPTIMIZATION_LEVEL = "-Onone";
				TARGETED_DEVICE_FAMILY = "1,2";
			};
			name = Debug;
		};
		150DA39119943E6900BDB2E1 /* Release */ = {
			isa = XCBuildConfiguration;
			buildSettings = {
				ALWAYS_SEARCH_USER_PATHS = NO;
				CLANG_CXX_LANGUAGE_STANDARD = "gnu++0x";
				CLANG_CXX_LIBRARY = "libc++";
				CLANG_ENABLE_MODULES = YES;
				CLANG_ENABLE_OBJC_ARC = YES;
				CLANG_WARN_BOOL_CONVERSION = YES;
				CLANG_WARN_CONSTANT_CONVERSION = YES;
				CLANG_WARN_DIRECT_OBJC_ISA_USAGE = YES_ERROR;
				CLANG_WARN_EMPTY_BODY = YES;
				CLANG_WARN_ENUM_CONVERSION = YES;
				CLANG_WARN_INT_CONVERSION = YES;
				CLANG_WARN_OBJC_ROOT_CLASS = YES_ERROR;
				CLANG_WARN_UNREACHABLE_CODE = YES;
				CLANG_WARN__DUPLICATE_METHOD_MATCH = YES;
				"CODE_SIGN_IDENTITY[sdk=iphoneos*]" = "iPhone Developer";
				COPY_PHASE_STRIP = YES;
				ENABLE_NS_ASSERTIONS = NO;
				ENABLE_STRICT_OBJC_MSGSEND = YES;
				GCC_C_LANGUAGE_STANDARD = gnu99;
				GCC_WARN_64_TO_32_BIT_CONVERSION = YES;
				GCC_WARN_ABOUT_RETURN_TYPE = YES_ERROR;
				GCC_WARN_UNDECLARED_SELECTOR = YES;
				GCC_WARN_UNINITIALIZED_AUTOS = YES_AGGRESSIVE;
				GCC_WARN_UNUSED_FUNCTION = YES;
				GCC_WARN_UNUSED_VARIABLE = YES;
				IPHONEOS_DEPLOYMENT_TARGET = 8.0;
				MTL_ENABLE_DEBUG_INFO = NO;
				SDKROOT = iphoneos;
				TARGETED_DEVICE_FAMILY = "1,2";
				VALIDATE_PRODUCT = YES;
			};
			name = Release;
		};
		150DA39319943E6900BDB2E1 /* Debug */ = {
			isa = XCBuildConfiguration;
			buildSettings = {
				ASSETCATALOG_COMPILER_APPICON_NAME = AppIcon;
				ASSETCATALOG_COMPILER_LAUNCHIMAGE_NAME = LaunchImage;
				INFOPLIST_FILE = classRoster/Info.plist;
				LD_RUNPATH_SEARCH_PATHS = "$(inherited) @executable_path/Frameworks";
				PRODUCT_NAME = "$(TARGET_NAME)";
				TARGETED_DEVICE_FAMILY = "1,2";
			};
			name = Debug;
		};
		150DA39419943E6900BDB2E1 /* Release */ = {
			isa = XCBuildConfiguration;
			buildSettings = {
				ASSETCATALOG_COMPILER_APPICON_NAME = AppIcon;
				ASSETCATALOG_COMPILER_LAUNCHIMAGE_NAME = LaunchImage;
				INFOPLIST_FILE = classRoster/Info.plist;
				LD_RUNPATH_SEARCH_PATHS = "$(inherited) @executable_path/Frameworks";
				PRODUCT_NAME = "$(TARGET_NAME)";
				TARGETED_DEVICE_FAMILY = "1,2";
			};
			name = Release;
		};
		150DA39619943E6900BDB2E1 /* Debug */ = {
			isa = XCBuildConfiguration;
			buildSettings = {
				BUNDLE_LOADER = "$(TEST_HOST)";
				FRAMEWORK_SEARCH_PATHS = (
					"$(SDKROOT)/Developer/Library/Frameworks",
					"$(inherited)",
				);
				GCC_PREPROCESSOR_DEFINITIONS = (
					"DEBUG=1",
					"$(inherited)",
				);
				INFOPLIST_FILE = classRosterTests/Info.plist;
				LD_RUNPATH_SEARCH_PATHS = "$(inherited) @executable_path/Frameworks @loader_path/Frameworks";
				PRODUCT_NAME = "$(TARGET_NAME)";
				TEST_HOST = "$(BUILT_PRODUCTS_DIR)/classRoster.app/classRoster";
			};
			name = Debug;
		};
		150DA39719943E6900BDB2E1 /* Release */ = {
			isa = XCBuildConfiguration;
			buildSettings = {
				BUNDLE_LOADER = "$(TEST_HOST)";
				FRAMEWORK_SEARCH_PATHS = (
					"$(SDKROOT)/Developer/Library/Frameworks",
					"$(inherited)",
				);
				INFOPLIST_FILE = classRosterTests/Info.plist;
				LD_RUNPATH_SEARCH_PATHS = "$(inherited) @executable_path/Frameworks @loader_path/Frameworks";
				PRODUCT_NAME = "$(TARGET_NAME)";
				TEST_HOST = "$(BUILT_PRODUCTS_DIR)/classRoster.app/classRoster";
			};
			name = Release;
		};
/* End XCBuildConfiguration section */

/* Begin XCConfigurationList section */
		150DA37119943E6900BDB2E1 /* Build configuration list for PBXProject "classRoster" */ = {
			isa = XCConfigurationList;
			buildConfigurations = (
				150DA39019943E6900BDB2E1 /* Debug */,
				150DA39119943E6900BDB2E1 /* Release */,
			);
			defaultConfigurationIsVisible = 0;
			defaultConfigurationName = Release;
		};
		150DA39219943E6900BDB2E1 /* Build configuration list for PBXNativeTarget "classRoster" */ = {
			isa = XCConfigurationList;
			buildConfigurations = (
				150DA39319943E6900BDB2E1 /* Debug */,
				150DA39419943E6900BDB2E1 /* Release */,
			);
			defaultConfigurationIsVisible = 0;
			defaultConfigurationName = Release;
		};
		150DA39519943E6900BDB2E1 /* Build configuration list for PBXNativeTarget "classRosterTests" */ = {
			isa = XCConfigurationList;
			buildConfigurations = (
				150DA39619943E6900BDB2E1 /* Debug */,
				150DA39719943E6900BDB2E1 /* Release */,
			);
			defaultConfigurationIsVisible = 0;
			defaultConfigurationName = Release;
		};
/* End XCConfigurationList section */
	};
	rootObject = 150DA36E19943E6900BDB2E1 /* Project object */;
}
